
Microsoft Visual Studio Solution File, Format Version 12.00
# Visual Studio Version 17
VisualStudioVersion = 17.6.33829.357
MinimumVisualStudioVersion = 10.0.40219.1
Project("{2150E333-8FDC-42A3-9474-1A3956D46DE8}") = "tests", "tests", "{E5E253A9-480D-499C-829D-7814664A383E}"
EndProject
Project("{2150E333-8FDC-42A3-9474-1A3956D46DE8}") = "pythonParsers", "pythonParsers", "{1B454D62-F1C5-432D-B0AC-2506C1BB81CB}"
EndProject
Project("{888888A0-9F3D-457C-B088-3A5042F75D52}") = "jobParserIndeedCom", "pythonFunc\jobParserIndeedCom\jobParserIndeedCom.pyproj", "{7F3CB47D-B056-4719-9714-4DB2D55DB7A8}"
EndProject
Global
	GlobalSection(SolutionConfigurationPlatforms) = preSolution
		Debug|Any CPU = Debug|Any CPU
		Release|Any CPU = Release|Any CPU
	EndGlobalSection
	GlobalSection(ProjectConfigurationPlatforms) = postSolution
		{7F3CB47D-B056-4719-9714-4DB2D55DB7A8}.Debug|Any CPU.ActiveCfg = Debug|Any CPU
		{7F3CB47D-B056-4719-9714-4DB2D55DB7A8}.Release|Any CPU.ActiveCfg = Release|Any CPU
	EndGlobalSection
	GlobalSection(SolutionProperties) = preSolution
		HideSolutionNode = FALSE
	EndGlobalSection
	GlobalSection(NestedProjects) = preSolution
		{7F3CB47D-B056-4719-9714-4DB2D55DB7A8} = {1B454D62-F1C5-432D-B0AC-2506C1BB81CB}
	EndGlobalSection
	GlobalSection(ExtensibilityGlobals) = postSolution
		SolutionGuid = {733B8377-3C7E-480A-B424-1C6EFABB928D}
	EndGlobalSection
EndGlobal
